// !$*UTF8*$!
{
	archiveVersion = 1;
	classes = {
	};
	objectVersion = 46;
	objects = {

/* Begin PBXBuildFile section */
		0811557A1E617A8200FE09D7 /* LayerDemoViewController.m in Sources */ = {isa = PBXBuildFile; fileRef = 081155791E617A8200FE09D7 /* LayerDemoViewController.m */; };
		0865EB7B1E5E7EB300C4CCFD /* CoolButtonViewController.m in Sources */ = {isa = PBXBuildFile; fileRef = 0865EB781E5E7EB300C4CCFD /* CoolButtonViewController.m */; };
		08A7ADA01E5960B000023707 /* DataPool.m in Sources */ = {isa = PBXBuildFile; fileRef = 08A7AD9F1E5960B000023707 /* DataPool.m */; };
		08A7ADA51E59D27E00023707 /* heart24_no.png in Resources */ = {isa = PBXBuildFile; fileRef = 08A7ADA11E59D27E00023707 /* heart24_no.png */; };
		08A7ADA61E59D27E00023707 /* heart16_no.png in Resources */ = {isa = PBXBuildFile; fileRef = 08A7ADA21E59D27E00023707 /* heart16_no.png */; };
		08A7ADA71E59D27E00023707 /* heart16_yes.png in Resources */ = {isa = PBXBuildFile; fileRef = 08A7ADA31E59D27E00023707 /* heart16_yes.png */; };
		08A7ADA81E59D27E00023707 /* heart24_yes.png in Resources */ = {isa = PBXBuildFile; fileRef = 08A7ADA41E59D27E00023707 /* heart24_yes.png */; };
		08A7ADAE1E5BD3D000023707 /* CoolAnimation.m in Sources */ = {isa = PBXBuildFile; fileRef = 08A7ADAD1E5BD3D000023707 /* CoolAnimation.m */; };
		08A7ADB11E5C0E8100023707 /* CoolAnimationManager.m in Sources */ = {isa = PBXBuildFile; fileRef = 08A7ADB01E5C0E8100023707 /* CoolAnimationManager.m */; };
		08A7ADB41E5D92C000023707 /* UIButton+CoolAnimation.m in Sources */ = {isa = PBXBuildFile; fileRef = 08A7ADB31E5D92C000023707 /* UIButton+CoolAnimation.m */; };
		3E09BE991E5ED8AB00A312CD /* PointButton.m in Sources */ = {isa = PBXBuildFile; fileRef = 3E09BE981E5ED8AB00A312CD /* PointButton.m */; };
		3EB06E9D1E519732004C8F65 /* main.m in Sources */ = {isa = PBXBuildFile; fileRef = 3EB06E9C1E519732004C8F65 /* main.m */; };
		3EB06EA01E519732004C8F65 /* AppDelegate.m in Sources */ = {isa = PBXBuildFile; fileRef = 3EB06E9F1E519732004C8F65 /* AppDelegate.m */; };
		3EB06EA61E519732004C8F65 /* Main.storyboard in Resources */ = {isa = PBXBuildFile; fileRef = 3EB06EA41E519732004C8F65 /* Main.storyboard */; };
		3EB06EA81E519732004C8F65 /* Assets.xcassets in Resources */ = {isa = PBXBuildFile; fileRef = 3EB06EA71E519732004C8F65 /* Assets.xcassets */; };
		3EB06EAB1E519732004C8F65 /* LaunchScreen.storyboard in Resources */ = {isa = PBXBuildFile; fileRef = 3EB06EA91E519732004C8F65 /* LaunchScreen.storyboard */; };
		3EB06EB61E519732004C8F65 /* _213DemoTests.m in Sources */ = {isa = PBXBuildFile; fileRef = 3EB06EB51E519732004C8F65 /* _213DemoTests.m */; };
		3EB06EC11E519732004C8F65 /* _213DemoUITests.m in Sources */ = {isa = PBXBuildFile; fileRef = 3EB06EC01E519732004C8F65 /* _213DemoUITests.m */; };
		3EB0E48F1E55AC9A003CE111 /* CommonBaseCell.m in Sources */ = {isa = PBXBuildFile; fileRef = 3EB0E43F1E55AC9A003CE111 /* CommonBaseCell.m */; };
		3EB0E4901E55AC9A003CE111 /* CommonViewController.m in Sources */ = {isa = PBXBuildFile; fileRef = 3EB0E4411E55AC9A003CE111 /* CommonViewController.m */; };
		3EB0E4911E55AC9A003CE111 /* SecondViewController.m in Sources */ = {isa = PBXBuildFile; fileRef = 3EB0E4451E55AC9A003CE111 /* SecondViewController.m */; };
		3EB0E4921E55AC9A003CE111 /* HomeViewController.m in Sources */ = {isa = PBXBuildFile; fileRef = 3EB0E4491E55AC9A003CE111 /* HomeViewController.m */; };
		3EB0E4931E55AC9A003CE111 /* CellDataAdapter.m in Sources */ = {isa = PBXBuildFile; fileRef = 3EB0E44C1E55AC9A003CE111 /* CellDataAdapter.m */; };
		3EB0E4941E55AC9A003CE111 /* RowModel.m in Sources */ = {isa = PBXBuildFile; fileRef = 3EB0E44E1E55AC9A003CE111 /* RowModel.m */; };
		3EB0E4951E55AC9A003CE111 /* ListItemCell.m in Sources */ = {isa = PBXBuildFile; fileRef = 3EB0E4511E55AC9A003CE111 /* ListItemCell.m */; };
		3EB0E4AA1E55AC9A003CE111 /* back@3x.png in Resources */ = {isa = PBXBuildFile; fileRef = 3EB0E48D1E55AC9A003CE111 /* back@3x.png */; };
		3EB0E4B61E55B014003CE111 /* UIColor+Function.m in Sources */ = {isa = PBXBuildFile; fileRef = 3EB0E4B11E55B014003CE111 /* UIColor+Function.m */; };
		3EB0E4B71E55B014003CE111 /* UITableView+CellClass.m in Sources */ = {isa = PBXBuildFile; fileRef = 3EB0E4B31E55B014003CE111 /* UITableView+CellClass.m */; };
		3EB0E4B81E55B014003CE111 /* UIView+YWFrame.m in Sources */ = {isa = PBXBuildFile; fileRef = 3EB0E4B51E55B014003CE111 /* UIView+YWFrame.m */; };
		3EB7A6C71E56E50400350542 /* shezhi.png in Resources */ = {isa = PBXBuildFile; fileRef = 3EB7A6C61E56E50400350542 /* shezhi.png */; };
		3EB7A6C91E56E90500350542 /* nv.png in Resources */ = {isa = PBXBuildFile; fileRef = 3EB7A6C81E56E90500350542 /* nv.png */; };
		3EB7A6CB1E56E94D00350542 /* setting.png in Resources */ = {isa = PBXBuildFile; fileRef = 3EB7A6CA1E56E94D00350542 /* setting.png */; };
		3EC984591E569A2C00B8CF1F /* BaseComponent.m in Sources */ = {isa = PBXBuildFile; fileRef = 3EC984581E569A2C00B8CF1F /* BaseComponent.m */; };
		3EC9845C1E569EF100B8CF1F /* CoolButton.m in Sources */ = {isa = PBXBuildFile; fileRef = 3EC9845B1E569EF100B8CF1F /* CoolButton.m */; };
		3EF96B2A1E601CED00377AAF /* shopCar24.png in Resources */ = {isa = PBXBuildFile; fileRef = 3EF96B281E601CED00377AAF /* shopCar24.png */; };
		3EF96B2B1E601CED00377AAF /* shopCar32.png in Resources */ = {isa = PBXBuildFile; fileRef = 3EF96B291E601CED00377AAF /* shopCar32.png */; };
/* End PBXBuildFile section */

/* Begin PBXContainerItemProxy section */
		3EB06EB21E519732004C8F65 /* PBXContainerItemProxy */ = {
			isa = PBXContainerItemProxy;
			containerPortal = 3EB06E901E519732004C8F65 /* Project object */;
			proxyType = 1;
			remoteGlobalIDString = 3EB06E971E519732004C8F65;
			remoteInfo = 0213Demo;
		};
		3EB06EBD1E519732004C8F65 /* PBXContainerItemProxy */ = {
			isa = PBXContainerItemProxy;
			containerPortal = 3EB06E901E519732004C8F65 /* Project object */;
			proxyType = 1;
			remoteGlobalIDString = 3EB06E971E519732004C8F65;
			remoteInfo = 0213Demo;
		};
/* End PBXContainerItemProxy section */

/* Begin PBXFileReference section */
		081155781E617A8200FE09D7 /* LayerDemoViewController.h */ = {isa = PBXFileReference; fileEncoding = 4; lastKnownFileType = sourcecode.c.h; path = LayerDemoViewController.h; sourceTree = "<group>"; };
		081155791E617A8200FE09D7 /* LayerDemoViewController.m */ = {isa = PBXFileReference; fileEncoding = 4; lastKnownFileType = sourcecode.c.objc; path = LayerDemoViewController.m; sourceTree = "<group>"; };
		0826F13E1E5E8610006B97E5 /* PrefixHeader.pch */ = {isa = PBXFileReference; lastKnownFileType = sourcecode.c.h; path = PrefixHeader.pch; sourceTree = "<group>"; };
		0865EB771E5E7EB300C4CCFD /* CoolButtonViewController.h */ = {isa = PBXFileReference; fileEncoding = 4; lastKnownFileType = sourcecode.c.h; path = CoolButtonViewController.h; sourceTree = "<group>"; };
		0865EB781E5E7EB300C4CCFD /* CoolButtonViewController.m */ = {isa = PBXFileReference; fileEncoding = 4; lastKnownFileType = sourcecode.c.objc; path = CoolButtonViewController.m; sourceTree = "<group>"; };
		08A7AD9E1E5960B000023707 /* DataPool.h */ = {isa = PBXFileReference; fileEncoding = 4; lastKnownFileType = sourcecode.c.h; path = DataPool.h; sourceTree = "<group>"; };
		08A7AD9F1E5960B000023707 /* DataPool.m */ = {isa = PBXFileReference; fileEncoding = 4; lastKnownFileType = sourcecode.c.objc; path = DataPool.m; sourceTree = "<group>"; };
		08A7ADA11E59D27E00023707 /* heart24_no.png */ = {isa = PBXFileReference; lastKnownFileType = image.png; path = heart24_no.png; sourceTree = "<group>"; };
		08A7ADA21E59D27E00023707 /* heart16_no.png */ = {isa = PBXFileReference; lastKnownFileType = image.png; path = heart16_no.png; sourceTree = "<group>"; };
		08A7ADA31E59D27E00023707 /* heart16_yes.png */ = {isa = PBXFileReference; lastKnownFileType = image.png; path = heart16_yes.png; sourceTree = "<group>"; };
		08A7ADA41E59D27E00023707 /* heart24_yes.png */ = {isa = PBXFileReference; lastKnownFileType = image.png; path = heart24_yes.png; sourceTree = "<group>"; };
		08A7ADAC1E5BD3D000023707 /* CoolAnimation.h */ = {isa = PBXFileReference; fileEncoding = 4; lastKnownFileType = sourcecode.c.h; path = CoolAnimation.h; sourceTree = "<group>"; };
		08A7ADAD1E5BD3D000023707 /* CoolAnimation.m */ = {isa = PBXFileReference; fileEncoding = 4; lastKnownFileType = sourcecode.c.objc; path = CoolAnimation.m; sourceTree = "<group>"; };
		08A7ADAF1E5C0E8100023707 /* CoolAnimationManager.h */ = {isa = PBXFileReference; fileEncoding = 4; lastKnownFileType = sourcecode.c.h; path = CoolAnimationManager.h; sourceTree = "<group>"; };
		08A7ADB01E5C0E8100023707 /* CoolAnimationManager.m */ = {isa = PBXFileReference; fileEncoding = 4; lastKnownFileType = sourcecode.c.objc; path = CoolAnimationManager.m; sourceTree = "<group>"; };
		08A7ADB21E5D92C000023707 /* UIButton+CoolAnimation.h */ = {isa = PBXFileReference; fileEncoding = 4; lastKnownFileType = sourcecode.c.h; path = "UIButton+CoolAnimation.h"; sourceTree = "<group>"; };
		08A7ADB31E5D92C000023707 /* UIButton+CoolAnimation.m */ = {isa = PBXFileReference; fileEncoding = 4; lastKnownFileType = sourcecode.c.objc; path = "UIButton+CoolAnimation.m"; sourceTree = "<group>"; };
		3E09BE971E5ED8AB00A312CD /* PointButton.h */ = {isa = PBXFileReference; fileEncoding = 4; lastKnownFileType = sourcecode.c.h; path = PointButton.h; sourceTree = "<group>"; };
		3E09BE981E5ED8AB00A312CD /* PointButton.m */ = {isa = PBXFileReference; fileEncoding = 4; lastKnownFileType = sourcecode.c.objc; path = PointButton.m; sourceTree = "<group>"; };
		3EB06E981E519732004C8F65 /* 0213Demo.app */ = {isa = PBXFileReference; explicitFileType = wrapper.application; includeInIndex = 0; path = 0213Demo.app; sourceTree = BUILT_PRODUCTS_DIR; };
		3EB06E9C1E519732004C8F65 /* main.m */ = {isa = PBXFileReference; lastKnownFileType = sourcecode.c.objc; path = main.m; sourceTree = "<group>"; };
		3EB06E9E1E519732004C8F65 /* AppDelegate.h */ = {isa = PBXFileReference; lastKnownFileType = sourcecode.c.h; path = AppDelegate.h; sourceTree = "<group>"; };
		3EB06E9F1E519732004C8F65 /* AppDelegate.m */ = {isa = PBXFileReference; lastKnownFileType = sourcecode.c.objc; path = AppDelegate.m; sourceTree = "<group>"; };
		3EB06EA51E519732004C8F65 /* Base */ = {isa = PBXFileReference; lastKnownFileType = file.storyboard; name = Base; path = Base.lproj/Main.storyboard; sourceTree = "<group>"; };
		3EB06EA71E519732004C8F65 /* Assets.xcassets */ = {isa = PBXFileReference; lastKnownFileType = folder.assetcatalog; path = Assets.xcassets; sourceTree = "<group>"; };
		3EB06EAA1E519732004C8F65 /* Base */ = {isa = PBXFileReference; lastKnownFileType = file.storyboard; name = Base; path = Base.lproj/LaunchScreen.storyboard; sourceTree = "<group>"; };
		3EB06EAC1E519732004C8F65 /* Info.plist */ = {isa = PBXFileReference; lastKnownFileType = text.plist.xml; path = Info.plist; sourceTree = "<group>"; };
		3EB06EB11E519732004C8F65 /* 0213DemoTests.xctest */ = {isa = PBXFileReference; explicitFileType = wrapper.cfbundle; includeInIndex = 0; path = 0213DemoTests.xctest; sourceTree = BUILT_PRODUCTS_DIR; };
		3EB06EB51E519732004C8F65 /* _213DemoTests.m */ = {isa = PBXFileReference; lastKnownFileType = sourcecode.c.objc; path = _213DemoTests.m; sourceTree = "<group>"; };
		3EB06EB71E519732004C8F65 /* Info.plist */ = {isa = PBXFileReference; lastKnownFileType = text.plist.xml; path = Info.plist; sourceTree = "<group>"; };
		3EB06EBC1E519732004C8F65 /* 0213DemoUITests.xctest */ = {isa = PBXFileReference; explicitFileType = wrapper.cfbundle; includeInIndex = 0; path = 0213DemoUITests.xctest; sourceTree = BUILT_PRODUCTS_DIR; };
		3EB06EC01E519732004C8F65 /* _213DemoUITests.m */ = {isa = PBXFileReference; lastKnownFileType = sourcecode.c.objc; path = _213DemoUITests.m; sourceTree = "<group>"; };
		3EB06EC21E519732004C8F65 /* Info.plist */ = {isa = PBXFileReference; lastKnownFileType = text.plist.xml; path = Info.plist; sourceTree = "<group>"; };
		3EB0E43E1E55AC9A003CE111 /* CommonBaseCell.h */ = {isa = PBXFileReference; fileEncoding = 4; lastKnownFileType = sourcecode.c.h; path = CommonBaseCell.h; sourceTree = "<group>"; };
		3EB0E43F1E55AC9A003CE111 /* CommonBaseCell.m */ = {isa = PBXFileReference; fileEncoding = 4; lastKnownFileType = sourcecode.c.objc; path = CommonBaseCell.m; sourceTree = "<group>"; };
		3EB0E4401E55AC9A003CE111 /* CommonViewController.h */ = {isa = PBXFileReference; fileEncoding = 4; lastKnownFileType = sourcecode.c.h; path = CommonViewController.h; sourceTree = "<group>"; };
		3EB0E4411E55AC9A003CE111 /* CommonViewController.m */ = {isa = PBXFileReference; fileEncoding = 4; lastKnownFileType = sourcecode.c.objc; path = CommonViewController.m; sourceTree = "<group>"; };
		3EB0E4441E55AC9A003CE111 /* SecondViewController.h */ = {isa = PBXFileReference; fileEncoding = 4; lastKnownFileType = sourcecode.c.h; path = SecondViewController.h; sourceTree = "<group>"; };
		3EB0E4451E55AC9A003CE111 /* SecondViewController.m */ = {isa = PBXFileReference; fileEncoding = 4; lastKnownFileType = sourcecode.c.objc; path = SecondViewController.m; sourceTree = "<group>"; };
		3EB0E4481E55AC9A003CE111 /* HomeViewController.h */ = {isa = PBXFileReference; fileEncoding = 4; lastKnownFileType = sourcecode.c.h; path = HomeViewController.h; sourceTree = "<group>"; };
		3EB0E4491E55AC9A003CE111 /* HomeViewController.m */ = {isa = PBXFileReference; fileEncoding = 4; lastKnownFileType = sourcecode.c.objc; path = HomeViewController.m; sourceTree = "<group>"; };
		3EB0E44B1E55AC9A003CE111 /* CellDataAdapter.h */ = {isa = PBXFileReference; fileEncoding = 4; lastKnownFileType = sourcecode.c.h; path = CellDataAdapter.h; sourceTree = "<group>"; };
		3EB0E44C1E55AC9A003CE111 /* CellDataAdapter.m */ = {isa = PBXFileReference; fileEncoding = 4; lastKnownFileType = sourcecode.c.objc; path = CellDataAdapter.m; sourceTree = "<group>"; };
		3EB0E44D1E55AC9A003CE111 /* RowModel.h */ = {isa = PBXFileReference; fileEncoding = 4; lastKnownFileType = sourcecode.c.h; path = RowModel.h; sourceTree = "<group>"; };
		3EB0E44E1E55AC9A003CE111 /* RowModel.m */ = {isa = PBXFileReference; fileEncoding = 4; lastKnownFileType = sourcecode.c.objc; path = RowModel.m; sourceTree = "<group>"; };
		3EB0E4501E55AC9A003CE111 /* ListItemCell.h */ = {isa = PBXFileReference; fileEncoding = 4; lastKnownFileType = sourcecode.c.h; path = ListItemCell.h; sourceTree = "<group>"; };
		3EB0E4511E55AC9A003CE111 /* ListItemCell.m */ = {isa = PBXFileReference; fileEncoding = 4; lastKnownFileType = sourcecode.c.objc; path = ListItemCell.m; sourceTree = "<group>"; };
		3EB0E48D1E55AC9A003CE111 /* back@3x.png */ = {isa = PBXFileReference; lastKnownFileType = image.png; path = "back@3x.png"; sourceTree = "<group>"; };
		3EB0E4B01E55B014003CE111 /* UIColor+Function.h */ = {isa = PBXFileReference; fileEncoding = 4; lastKnownFileType = sourcecode.c.h; path = "UIColor+Function.h"; sourceTree = "<group>"; };
		3EB0E4B11E55B014003CE111 /* UIColor+Function.m */ = {isa = PBXFileReference; fileEncoding = 4; lastKnownFileType = sourcecode.c.objc; path = "UIColor+Function.m"; sourceTree = "<group>"; };
		3EB0E4B21E55B014003CE111 /* UITableView+CellClass.h */ = {isa = PBXFileReference; fileEncoding = 4; lastKnownFileType = sourcecode.c.h; path = "UITableView+CellClass.h"; sourceTree = "<group>"; };
		3EB0E4B31E55B014003CE111 /* UITableView+CellClass.m */ = {isa = PBXFileReference; fileEncoding = 4; lastKnownFileType = sourcecode.c.objc; path = "UITableView+CellClass.m"; sourceTree = "<group>"; };
		3EB0E4B41E55B014003CE111 /* UIView+YWFrame.h */ = {isa = PBXFileReference; fileEncoding = 4; lastKnownFileType = sourcecode.c.h; path = "UIView+YWFrame.h"; sourceTree = "<group>"; };
		3EB0E4B51E55B014003CE111 /* UIView+YWFrame.m */ = {isa = PBXFileReference; fileEncoding = 4; lastKnownFileType = sourcecode.c.objc; path = "UIView+YWFrame.m"; sourceTree = "<group>"; };
		3EB7A6C61E56E50400350542 /* shezhi.png */ = {isa = PBXFileReference; lastKnownFileType = image.png; path = shezhi.png; sourceTree = "<group>"; };
		3EB7A6C81E56E90500350542 /* nv.png */ = {isa = PBXFileReference; lastKnownFileType = image.png; path = nv.png; sourceTree = "<group>"; };
		3EB7A6CA1E56E94D00350542 /* setting.png */ = {isa = PBXFileReference; lastKnownFileType = image.png; path = setting.png; sourceTree = "<group>"; };
		3EC984571E569A2C00B8CF1F /* BaseComponent.h */ = {isa = PBXFileReference; fileEncoding = 4; lastKnownFileType = sourcecode.c.h; path = BaseComponent.h; sourceTree = "<group>"; };
		3EC984581E569A2C00B8CF1F /* BaseComponent.m */ = {isa = PBXFileReference; fileEncoding = 4; lastKnownFileType = sourcecode.c.objc; path = BaseComponent.m; sourceTree = "<group>"; };
		3EC9845A1E569EF100B8CF1F /* CoolButton.h */ = {isa = PBXFileReference; fileEncoding = 4; lastKnownFileType = sourcecode.c.h; path = CoolButton.h; sourceTree = "<group>"; };
		3EC9845B1E569EF100B8CF1F /* CoolButton.m */ = {isa = PBXFileReference; fileEncoding = 4; lastKnownFileType = sourcecode.c.objc; path = CoolButton.m; sourceTree = "<group>"; };
		3EF96B281E601CED00377AAF /* shopCar24.png */ = {isa = PBXFileReference; lastKnownFileType = image.png; path = shopCar24.png; sourceTree = "<group>"; };
		3EF96B291E601CED00377AAF /* shopCar32.png */ = {isa = PBXFileReference; lastKnownFileType = image.png; path = shopCar32.png; sourceTree = "<group>"; };
/* End PBXFileReference section */

/* Begin PBXFrameworksBuildPhase section */
		3EB06E951E519732004C8F65 /* Frameworks */ = {
			isa = PBXFrameworksBuildPhase;
			buildActionMask = 2147483647;
			files = (
			);
			runOnlyForDeploymentPostprocessing = 0;
		};
		3EB06EAE1E519732004C8F65 /* Frameworks */ = {
			isa = PBXFrameworksBuildPhase;
			buildActionMask = 2147483647;
			files = (
			);
			runOnlyForDeploymentPostprocessing = 0;
		};
		3EB06EB91E519732004C8F65 /* Frameworks */ = {
			isa = PBXFrameworksBuildPhase;
			buildActionMask = 2147483647;
			files = (
			);
			runOnlyForDeploymentPostprocessing = 0;
		};
/* End PBXFrameworksBuildPhase section */

/* Begin PBXGroup section */
		0865EB761E5E7EB300C4CCFD /* CCoolBtn */ = {
			isa = PBXGroup;
			children = (
				0865EB771E5E7EB300C4CCFD /* CoolButtonViewController.h */,
				0865EB781E5E7EB300C4CCFD /* CoolButtonViewController.m */,
				081155781E617A8200FE09D7 /* LayerDemoViewController.h */,
				081155791E617A8200FE09D7 /* LayerDemoViewController.m */,
			);
			path = CCoolBtn;
			sourceTree = "<group>";
		};
		0865EB791E5E7EB300C4CCFD /* MCoolBtn */ = {
			isa = PBXGroup;
			children = (
			);
			path = MCoolBtn;
			sourceTree = "<group>";
		};
		0865EB7A1E5E7EB300C4CCFD /* VCoolBtn */ = {
			isa = PBXGroup;
			children = (
			);
			path = VCoolBtn;
			sourceTree = "<group>";
		};
		3E9511B11E568B180002F170 /* YWCoolButton */ = {
			isa = PBXGroup;
			children = (
				3EC984571E569A2C00B8CF1F /* BaseComponent.h */,
				3EC984581E569A2C00B8CF1F /* BaseComponent.m */,
				3EC9845A1E569EF100B8CF1F /* CoolButton.h */,
				3EC9845B1E569EF100B8CF1F /* CoolButton.m */,
				08A7AD9E1E5960B000023707 /* DataPool.h */,
				08A7AD9F1E5960B000023707 /* DataPool.m */,
				08A7ADAC1E5BD3D000023707 /* CoolAnimation.h */,
				08A7ADAD1E5BD3D000023707 /* CoolAnimation.m */,
				08A7ADAF1E5C0E8100023707 /* CoolAnimationManager.h */,
				08A7ADB01E5C0E8100023707 /* CoolAnimationManager.m */,
				08A7ADB21E5D92C000023707 /* UIButton+CoolAnimation.h */,
				08A7ADB31E5D92C000023707 /* UIButton+CoolAnimation.m */,
				3E09BE971E5ED8AB00A312CD /* PointButton.h */,
				3E09BE981E5ED8AB00A312CD /* PointButton.m */,
			);
			path = YWCoolButton;
			sourceTree = "<group>";
		};
		3EB06E8F1E519732004C8F65 = {
			isa = PBXGroup;
			children = (
				3EB06E9A1E519732004C8F65 /* 0213Demo */,
				3EB06EB41E519732004C8F65 /* 0213DemoTests */,
				3EB06EBF1E519732004C8F65 /* 0213DemoUITests */,
				3EB06E991E519732004C8F65 /* Products */,
			);
			sourceTree = "<group>";
		};
		3EB06E991E519732004C8F65 /* Products */ = {
			isa = PBXGroup;
			children = (
				3EB06E981E519732004C8F65 /* 0213Demo.app */,
				3EB06EB11E519732004C8F65 /* 0213DemoTests.xctest */,
				3EB06EBC1E519732004C8F65 /* 0213DemoUITests.xctest */,
			);
			name = Products;
			sourceTree = "<group>";
		};
		3EB06E9A1E519732004C8F65 /* 0213Demo */ = {
			isa = PBXGroup;
			children = (
				3EC9845D1E56D69E00B8CF1F /* CoolBtn */,
				3EB0E4AF1E55B014003CE111 /* Public */,
				3EB0E43D1E55AC9A003CE111 /* CommonBase */,
				3EB0E4421E55AC9A003CE111 /* Detail */,
				3EB0E4461E55AC9A003CE111 /* Home */,
				3EB0E48C1E55AC9A003CE111 /* Resources */,
				3EB06E9E1E519732004C8F65 /* AppDelegate.h */,
				3EB06E9F1E519732004C8F65 /* AppDelegate.m */,
				3EB06EA41E519732004C8F65 /* Main.storyboard */,
				3EB06EA71E519732004C8F65 /* Assets.xcassets */,
				3EB06EA91E519732004C8F65 /* LaunchScreen.storyboard */,
				3EB06EAC1E519732004C8F65 /* Info.plist */,
				3EB06E9B1E519732004C8F65 /* Supporting Files */,
			);
			path = 0213Demo;
			sourceTree = "<group>";
		};
		3EB06E9B1E519732004C8F65 /* Supporting Files */ = {
			isa = PBXGroup;
			children = (
				3EB06E9C1E519732004C8F65 /* main.m */,
			);
			name = "Supporting Files";
			sourceTree = "<group>";
		};
		3EB06EB41E519732004C8F65 /* 0213DemoTests */ = {
			isa = PBXGroup;
			children = (
				3EB06EB51E519732004C8F65 /* _213DemoTests.m */,
				3EB06EB71E519732004C8F65 /* Info.plist */,
			);
			path = 0213DemoTests;
			sourceTree = "<group>";
		};
		3EB06EBF1E519732004C8F65 /* 0213DemoUITests */ = {
			isa = PBXGroup;
			children = (
				3EB06EC01E519732004C8F65 /* _213DemoUITests.m */,
				3EB06EC21E519732004C8F65 /* Info.plist */,
			);
			path = 0213DemoUITests;
			sourceTree = "<group>";
		};
		3EB0E43D1E55AC9A003CE111 /* CommonBase */ = {
			isa = PBXGroup;
			children = (
				3EB0E43E1E55AC9A003CE111 /* CommonBaseCell.h */,
				3EB0E43F1E55AC9A003CE111 /* CommonBaseCell.m */,
				3EB0E4401E55AC9A003CE111 /* CommonViewController.h */,
				3EB0E4411E55AC9A003CE111 /* CommonViewController.m */,
			);
			path = CommonBase;
			sourceTree = "<group>";
		};
		3EB0E4421E55AC9A003CE111 /* Detail */ = {
			isa = PBXGroup;
			children = (
				3EB0E4431E55AC9A003CE111 /* CDetail */,
			);
			path = Detail;
			sourceTree = "<group>";
		};
		3EB0E4431E55AC9A003CE111 /* CDetail */ = {
			isa = PBXGroup;
			children = (
				3EB0E4441E55AC9A003CE111 /* SecondViewController.h */,
				3EB0E4451E55AC9A003CE111 /* SecondViewController.m */,
			);
			path = CDetail;
			sourceTree = "<group>";
		};
		3EB0E4461E55AC9A003CE111 /* Home */ = {
			isa = PBXGroup;
			children = (
				3EB0E4471E55AC9A003CE111 /* CHome */,
				3EB0E44A1E55AC9A003CE111 /* MHome */,
				3EB0E44F1E55AC9A003CE111 /* VHome */,
			);
			path = Home;
			sourceTree = "<group>";
		};
		3EB0E4471E55AC9A003CE111 /* CHome */ = {
			isa = PBXGroup;
			children = (
				3EB0E4481E55AC9A003CE111 /* HomeViewController.h */,
				3EB0E4491E55AC9A003CE111 /* HomeViewController.m */,
			);
			path = CHome;
			sourceTree = "<group>";
		};
		3EB0E44A1E55AC9A003CE111 /* MHome */ = {
			isa = PBXGroup;
			children = (
				3EB0E44B1E55AC9A003CE111 /* CellDataAdapter.h */,
				3EB0E44C1E55AC9A003CE111 /* CellDataAdapter.m */,
				3EB0E44D1E55AC9A003CE111 /* RowModel.h */,
				3EB0E44E1E55AC9A003CE111 /* RowModel.m */,
			);
			path = MHome;
			sourceTree = "<group>";
		};
		3EB0E44F1E55AC9A003CE111 /* VHome */ = {
			isa = PBXGroup;
			children = (
				3EB0E4501E55AC9A003CE111 /* ListItemCell.h */,
				3EB0E4511E55AC9A003CE111 /* ListItemCell.m */,
			);
			path = VHome;
			sourceTree = "<group>";
		};
		3EB0E48C1E55AC9A003CE111 /* Resources */ = {
			isa = PBXGroup;
			children = (
				3EF96B281E601CED00377AAF /* shopCar24.png */,
				3EF96B291E601CED00377AAF /* shopCar32.png */,
				08A7ADA11E59D27E00023707 /* heart24_no.png */,
				08A7ADA21E59D27E00023707 /* heart16_no.png */,
				08A7ADA31E59D27E00023707 /* heart16_yes.png */,
				08A7ADA41E59D27E00023707 /* heart24_yes.png */,
				3EB7A6CA1E56E94D00350542 /* setting.png */,
				3EB7A6C81E56E90500350542 /* nv.png */,
				3EB7A6C61E56E50400350542 /* shezhi.png */,
				3EB0E48D1E55AC9A003CE111 /* back@3x.png */,
			);
			path = Resources;
			sourceTree = "<group>";
		};
		3EB0E4AF1E55B014003CE111 /* Public */ = {
			isa = PBXGroup;
			children = (
				3E9511B11E568B180002F170 /* YWCoolButton */,
				3EB0E4B01E55B014003CE111 /* UIColor+Function.h */,
				3EB0E4B11E55B014003CE111 /* UIColor+Function.m */,
				3EB0E4B21E55B014003CE111 /* UITableView+CellClass.h */,
				3EB0E4B31E55B014003CE111 /* UITableView+CellClass.m */,
				3EB0E4B41E55B014003CE111 /* UIView+YWFrame.h */,
				3EB0E4B51E55B014003CE111 /* UIView+YWFrame.m */,
				0826F13E1E5E8610006B97E5 /* PrefixHeader.pch */,
			);
			path = Public;
			sourceTree = "<group>";
		};
		3EC9845D1E56D69E00B8CF1F /* CoolBtn */ = {
			isa = PBXGroup;
			children = (
				0865EB761E5E7EB300C4CCFD /* CCoolBtn */,
				0865EB791E5E7EB300C4CCFD /* MCoolBtn */,
				0865EB7A1E5E7EB300C4CCFD /* VCoolBtn */,
			);
			path = CoolBtn;
			sourceTree = "<group>";
		};
/* End PBXGroup section */

/* Begin PBXNativeTarget section */
		3EB06E971E519732004C8F65 /* 0213Demo */ = {
			isa = PBXNativeTarget;
			buildConfigurationList = 3EB06EC51E519732004C8F65 /* Build configuration list for PBXNativeTarget "0213Demo" */;
			buildPhases = (
				3EB06E941E519732004C8F65 /* Sources */,
				3EB06E951E519732004C8F65 /* Frameworks */,
				3EB06E961E519732004C8F65 /* Resources */,
			);
			buildRules = (
			);
			dependencies = (
			);
			name = 0213Demo;
			productName = 0213Demo;
			productReference = 3EB06E981E519732004C8F65 /* 0213Demo.app */;
			productType = "com.apple.product-type.application";
		};
		3EB06EB01E519732004C8F65 /* 0213DemoTests */ = {
			isa = PBXNativeTarget;
			buildConfigurationList = 3EB06EC81E519732004C8F65 /* Build configuration list for PBXNativeTarget "0213DemoTests" */;
			buildPhases = (
				3EB06EAD1E519732004C8F65 /* Sources */,
				3EB06EAE1E519732004C8F65 /* Frameworks */,
				3EB06EAF1E519732004C8F65 /* Resources */,
			);
			buildRules = (
			);
			dependencies = (
				3EB06EB31E519732004C8F65 /* PBXTargetDependency */,
			);
			name = 0213DemoTests;
			productName = 0213DemoTests;
			productReference = 3EB06EB11E519732004C8F65 /* 0213DemoTests.xctest */;
			productType = "com.apple.product-type.bundle.unit-test";
		};
		3EB06EBB1E519732004C8F65 /* 0213DemoUITests */ = {
			isa = PBXNativeTarget;
			buildConfigurationList = 3EB06ECB1E519732004C8F65 /* Build configuration list for PBXNativeTarget "0213DemoUITests" */;
			buildPhases = (
				3EB06EB81E519732004C8F65 /* Sources */,
				3EB06EB91E519732004C8F65 /* Frameworks */,
				3EB06EBA1E519732004C8F65 /* Resources */,
			);
			buildRules = (
			);
			dependencies = (
				3EB06EBE1E519732004C8F65 /* PBXTargetDependency */,
			);
			name = 0213DemoUITests;
			productName = 0213DemoUITests;
			productReference = 3EB06EBC1E519732004C8F65 /* 0213DemoUITests.xctest */;
			productType = "com.apple.product-type.bundle.ui-testing";
		};
/* End PBXNativeTarget section */

/* Begin PBXProject section */
		3EB06E901E519732004C8F65 /* Project object */ = {
			isa = PBXProject;
			attributes = {
				LastUpgradeCheck = 0800;
				ORGANIZATIONNAME = wyw;
				TargetAttributes = {
					3EB06E971E519732004C8F65 = {
						CreatedOnToolsVersion = 8.0;
						ProvisioningStyle = Automatic;
					};
					3EB06EB01E519732004C8F65 = {
						CreatedOnToolsVersion = 8.0;
						DevelopmentTeam = L49S4WTK7H;
						ProvisioningStyle = Automatic;
						TestTargetID = 3EB06E971E519732004C8F65;
					};
					3EB06EBB1E519732004C8F65 = {
						CreatedOnToolsVersion = 8.0;
						DevelopmentTeam = L49S4WTK7H;
						ProvisioningStyle = Automatic;
						TestTargetID = 3EB06E971E519732004C8F65;
					};
				};
			};
			buildConfigurationList = 3EB06E931E519732004C8F65 /* Build configuration list for PBXProject "0213Demo" */;
			compatibilityVersion = "Xcode 3.2";
			developmentRegion = English;
			hasScannedForEncodings = 0;
			knownRegions = (
				en,
				Base,
			);
			mainGroup = 3EB06E8F1E519732004C8F65;
			productRefGroup = 3EB06E991E519732004C8F65 /* Products */;
			projectDirPath = "";
			projectRoot = "";
			targets = (
				3EB06E971E519732004C8F65 /* 0213Demo */,
				3EB06EB01E519732004C8F65 /* 0213DemoTests */,
				3EB06EBB1E519732004C8F65 /* 0213DemoUITests */,
			);
		};
/* End PBXProject section */

/* Begin PBXResourcesBuildPhase section */
		3EB06E961E519732004C8F65 /* Resources */ = {
			isa = PBXResourcesBuildPhase;
			buildActionMask = 2147483647;
			files = (
				3EB7A6C71E56E50400350542 /* shezhi.png in Resources */,
				08A7ADA71E59D27E00023707 /* heart16_yes.png in Resources */,
				3EF96B2A1E601CED00377AAF /* shopCar24.png in Resources */,
				08A7ADA61E59D27E00023707 /* heart16_no.png in Resources */,
				08A7ADA81E59D27E00023707 /* heart24_yes.png in Resources */,
				3EB06EAB1E519732004C8F65 /* LaunchScreen.storyboard in Resources */,
				3EB06EA81E519732004C8F65 /* Assets.xcassets in Resources */,
				3EF96B2B1E601CED00377AAF /* shopCar32.png in Resources */,
				3EB7A6CB1E56E94D00350542 /* setting.png in Resources */,
				08A7ADA51E59D27E00023707 /* heart24_no.png in Resources */,
				3EB0E4AA1E55AC9A003CE111 /* back@3x.png in Resources */,
				3EB06EA61E519732004C8F65 /* Main.storyboard in Resources */,
				3EB7A6C91E56E90500350542 /* nv.png in Resources */,
			);
			runOnlyForDeploymentPostprocessing = 0;
		};
		3EB06EAF1E519732004C8F65 /* Resources */ = {
			isa = PBXResourcesBuildPhase;
			buildActionMask = 2147483647;
			files = (
			);
			runOnlyForDeploymentPostprocessing = 0;
		};
		3EB06EBA1E519732004C8F65 /* Resources */ = {
			isa = PBXResourcesBuildPhase;
			buildActionMask = 2147483647;
			files = (
			);
			runOnlyForDeploymentPostprocessing = 0;
		};
/* End PBXResourcesBuildPhase section */

/* Begin PBXSourcesBuildPhase section */
		3EB06E941E519732004C8F65 /* Sources */ = {
			isa = PBXSourcesBuildPhase;
			buildActionMask = 2147483647;
			files = (
				08A7ADB41E5D92C000023707 /* UIButton+CoolAnimation.m in Sources */,
				3EC9845C1E569EF100B8CF1F /* CoolButton.m in Sources */,
				3E09BE991E5ED8AB00A312CD /* PointButton.m in Sources */,
				3EB0E4B71E55B014003CE111 /* UITableView+CellClass.m in Sources */,
				3EB0E4911E55AC9A003CE111 /* SecondViewController.m in Sources */,
				3EC984591E569A2C00B8CF1F /* BaseComponent.m in Sources */,
				3EB0E4B81E55B014003CE111 /* UIView+YWFrame.m in Sources */,
				0811557A1E617A8200FE09D7 /* LayerDemoViewController.m in Sources */,
				3EB0E4931E55AC9A003CE111 /* CellDataAdapter.m in Sources */,
				3EB06EA01E519732004C8F65 /* AppDelegate.m in Sources */,
				08A7ADB11E5C0E8100023707 /* CoolAnimationManager.m in Sources */,
				3EB0E4901E55AC9A003CE111 /* CommonViewController.m in Sources */,
				3EB06E9D1E519732004C8F65 /* main.m in Sources */,
				08A7ADAE1E5BD3D000023707 /* CoolAnimation.m in Sources */,
				0865EB7B1E5E7EB300C4CCFD /* CoolButtonViewController.m in Sources */,
				08A7ADA01E5960B000023707 /* DataPool.m in Sources */,
				3EB0E48F1E55AC9A003CE111 /* CommonBaseCell.m in Sources */,
				3EB0E4941E55AC9A003CE111 /* RowModel.m in Sources */,
				3EB0E4921E55AC9A003CE111 /* HomeViewController.m in Sources */,
				3EB0E4951E55AC9A003CE111 /* ListItemCell.m in Sources */,
				3EB0E4B61E55B014003CE111 /* UIColor+Function.m in Sources */,
			);
			runOnlyForDeploymentPostprocessing = 0;
		};
		3EB06EAD1E519732004C8F65 /* Sources */ = {
			isa = PBXSourcesBuildPhase;
			buildActionMask = 2147483647;
			files = (
				3EB06EB61E519732004C8F65 /* _213DemoTests.m in Sources */,
			);
			runOnlyForDeploymentPostprocessing = 0;
		};
		3EB06EB81E519732004C8F65 /* Sources */ = {
			isa = PBXSourcesBuildPhase;
			buildActionMask = 2147483647;
			files = (
				3EB06EC11E519732004C8F65 /* _213DemoUITests.m in Sources */,
			);
			runOnlyForDeploymentPostprocessing = 0;
		};
/* End PBXSourcesBuildPhase section */

/* Begin PBXTargetDependency section */
		3EB06EB31E519732004C8F65 /* PBXTargetDependency */ = {
			isa = PBXTargetDependency;
			target = 3EB06E971E519732004C8F65 /* 0213Demo */;
			targetProxy = 3EB06EB21E519732004C8F65 /* PBXContainerItemProxy */;
		};
		3EB06EBE1E519732004C8F65 /* PBXTargetDependency */ = {
			isa = PBXTargetDependency;
			target = 3EB06E971E519732004C8F65 /* 0213Demo */;
			targetProxy = 3EB06EBD1E519732004C8F65 /* PBXContainerItemProxy */;
		};
/* End PBXTargetDependency section */

/* Begin PBXVariantGroup section */
		3EB06EA41E519732004C8F65 /* Main.storyboard */ = {
			isa = PBXVariantGroup;
			children = (
				3EB06EA51E519732004C8F65 /* Base */,
			);
			name = Main.storyboard;
			sourceTree = "<group>";
		};
		3EB06EA91E519732004C8F65 /* LaunchScreen.storyboard */ = {
			isa = PBXVariantGroup;
			children = (
				3EB06EAA1E519732004C8F65 /* Base */,
			);
			name = LaunchScreen.storyboard;
			sourceTree = "<group>";
		};
/* End PBXVariantGroup section */

/* Begin XCBuildConfiguration section */
		3EB06EC31E519732004C8F65 /* Debug */ = {
			isa = XCBuildConfiguration;
			buildSettings = {
				ALWAYS_SEARCH_USER_PATHS = NO;
				CLANG_ANALYZER_NONNULL = YES;
				CLANG_CXX_LANGUAGE_STANDARD = "gnu++0x";
				CLANG_CXX_LIBRARY = "libc++";
				CLANG_ENABLE_MODULES = YES;
				CLANG_ENABLE_OBJC_ARC = YES;
				CLANG_WARN_BOOL_CONVERSION = YES;
				CLANG_WARN_CONSTANT_CONVERSION = YES;
				CLANG_WARN_DIRECT_OBJC_ISA_USAGE = YES_ERROR;
				CLANG_WARN_DOCUMENTATION_COMMENTS = YES;
				CLANG_WARN_EMPTY_BODY = YES;
				CLANG_WARN_ENUM_CONVERSION = YES;
				CLANG_WARN_INFINITE_RECURSION = YES;
				CLANG_WARN_INT_CONVERSION = YES;
				CLANG_WARN_OBJC_ROOT_CLASS = YES_ERROR;
				CLANG_WARN_SUSPICIOUS_MOVES = YES;
				CLANG_WARN_UNREACHABLE_CODE = YES;
				CLANG_WARN__DUPLICATE_METHOD_MATCH = YES;
				"CODE_SIGN_IDENTITY[sdk=iphoneos*]" = "iPhone Developer";
				COPY_PHASE_STRIP = NO;
				DEBUG_INFORMATION_FORMAT = dwarf;
				ENABLE_STRICT_OBJC_MSGSEND = YES;
				ENABLE_TESTABILITY = YES;
				GCC_C_LANGUAGE_STANDARD = gnu99;
				GCC_DYNAMIC_NO_PIC = NO;
				GCC_NO_COMMON_BLOCKS = YES;
				GCC_OPTIMIZATION_LEVEL = 0;
				GCC_PREPROCESSOR_DEFINITIONS = (
					"DEBUG=1",
					"$(inherited)",
				);
				GCC_WARN_64_TO_32_BIT_CONVERSION = YES;
				GCC_WARN_ABOUT_RETURN_TYPE = YES_ERROR;
				GCC_WARN_UNDECLARED_SELECTOR = YES;
				GCC_WARN_UNINITIALIZED_AUTOS = YES_AGGRESSIVE;
				GCC_WARN_UNUSED_FUNCTION = YES;
				GCC_WARN_UNUSED_VARIABLE = YES;
				IPHONEOS_DEPLOYMENT_TARGET = 10.0;
				MTL_ENABLE_DEBUG_INFO = YES;
				ONLY_ACTIVE_ARCH = YES;
				SDKROOT = iphoneos;
			};
			name = Debug;
		};
		3EB06EC41E519732004C8F65 /* Release */ = {
			isa = XCBuildConfiguration;
			buildSettings = {
				ALWAYS_SEARCH_USER_PATHS = NO;
				CLANG_ANALYZER_NONNULL = YES;
				CLANG_CXX_LANGUAGE_STANDARD = "gnu++0x";
				CLANG_CXX_LIBRARY = "libc++";
				CLANG_ENABLE_MODULES = YES;
				CLANG_ENABLE_OBJC_ARC = YES;
				CLANG_WARN_BOOL_CONVERSION = YES;
				CLANG_WARN_CONSTANT_CONVERSION = YES;
				CLANG_WARN_DIRECT_OBJC_ISA_USAGE = YES_ERROR;
				CLANG_WARN_DOCUMENTATION_COMMENTS = YES;
				CLANG_WARN_EMPTY_BODY = YES;
				CLANG_WARN_ENUM_CONVERSION = YES;
				CLANG_WARN_INFINITE_RECURSION = YES;
				CLANG_WARN_INT_CONVERSION = YES;
				CLANG_WARN_OBJC_ROOT_CLASS = YES_ERROR;
				CLANG_WARN_SUSPICIOUS_MOVES = YES;
				CLANG_WARN_UNREACHABLE_CODE = YES;
				CLANG_WARN__DUPLICATE_METHOD_MATCH = YES;
				"CODE_SIGN_IDENTITY[sdk=iphoneos*]" = "iPhone Developer";
				COPY_PHASE_STRIP = NO;
				DEBUG_INFORMATION_FORMAT = "dwarf-with-dsym";
				ENABLE_NS_ASSERTIONS = NO;
				ENABLE_STRICT_OBJC_MSGSEND = YES;
				GCC_C_LANGUAGE_STANDARD = gnu99;
				GCC_NO_COMMON_BLOCKS = YES;
				GCC_WARN_64_TO_32_BIT_CONVERSION = YES;
				GCC_WARN_ABOUT_RETURN_TYPE = YES_ERROR;
				GCC_WARN_UNDECLARED_SELECTOR = YES;
				GCC_WARN_UNINITIALIZED_AUTOS = YES_AGGRESSIVE;
				GCC_WARN_UNUSED_FUNCTION = YES;
				GCC_WARN_UNUSED_VARIABLE = YES;
				IPHONEOS_DEPLOYMENT_TARGET = 10.0;
				MTL_ENABLE_DEBUG_INFO = NO;
				SDKROOT = iphoneos;
				VALIDATE_PRODUCT = YES;
			};
			name = Release;
		};
		3EB06EC61E519732004C8F65 /* Debug */ = {
			isa = XCBuildConfiguration;
			buildSettings = {
				ASSETCATALOG_COMPILER_APPICON_NAME = AppIcon;
				DEVELOPMENT_TEAM = "";
				GCC_PRECOMPILE_PREFIX_HEADER = YES;
				GCC_PREFIX_HEADER = "$(SRCROOT)/0213Demo/Public/PrefixHeader.pch";
				INFOPLIST_FILE = 0213Demo/Info.plist;
				IPHONEOS_DEPLOYMENT_TARGET = 10.1;
				LD_RUNPATH_SEARCH_PATHS = "$(inherited) @executable_path/Frameworks";
				PRODUCT_BUNDLE_IDENTIFIER = "com.zjcs.www.-213Demo";
				PRODUCT_NAME = "$(TARGET_NAME)";
			};
			name = Debug;
		};
		3EB06EC71E519732004C8F65 /* Release */ = {
			isa = XCBuildConfiguration;
			buildSettings = {
				ASSETCATALOG_COMPILER_APPICON_NAME = AppIcon;
				DEVELOPMENT_TEAM = "";
				GCC_PRECOMPILE_PREFIX_HEADER = YES;
				GCC_PREFIX_HEADER = "$(SRCROOT)/0213Demo/Public/PrefixHeader.pch";
				INFOPLIST_FILE = 0213Demo/Info.plist;
				IPHONEOS_DEPLOYMENT_TARGET = 10.1;
				LD_RUNPATH_SEARCH_PATHS = "$(inherited) @executable_path/Frameworks";
				PRODUCT_BUNDLE_IDENTIFIER = "com.zjcs.www.-213Demo";
				PRODUCT_NAME = "$(TARGET_NAME)";
			};
			name = Release;
		};
		3EB06EC91E519732004C8F65 /* Debug */ = {
			isa = XCBuildConfiguration;
			buildSettings = {
				BUNDLE_LOADER = "$(TEST_HOST)";
				DEVELOPMENT_TEAM = L49S4WTK7H;
				INFOPLIST_FILE = 0213DemoTests/Info.plist;
				LD_RUNPATH_SEARCH_PATHS = "$(inherited) @executable_path/Frameworks @loader_path/Frameworks";
				PRODUCT_BUNDLE_IDENTIFIER = "com.zjcs.www.-213DemoTests";
				PRODUCT_NAME = "$(TARGET_NAME)";
				TEST_HOST = "$(BUILT_PRODUCTS_DIR)/0213Demo.app/0213Demo";
			};
			name = Debug;
		};
		3EB06ECA1E519732004C8F65 /* Release */ = {
			isa = XCBuildConfiguration;
			buildSettings = {
				BUNDLE_LOADER = "$(TEST_HOST)";
				DEVELOPMENT_TEAM = L49S4WTK7H;
				INFOPLIST_FILE = 0213DemoTests/Info.plist;
				LD_RUNPATH_SEARCH_PATHS = "$(inherited) @executable_path/Frameworks @loader_path/Frameworks";
				PRODUCT_BUNDLE_IDENTIFIER = "com.zjcs.www.-213DemoTests";
				PRODUCT_NAME = "$(TARGET_NAME)";
				TEST_HOST = "$(BUILT_PRODUCTS_DIR)/0213Demo.app/0213Demo";
			};
			name = Release;
		};
		3EB06ECC1E519732004C8F65 /* Debug */ = {
			isa = XCBuildConfiguration;
			buildSettings = {
				DEVELOPMENT_TEAM = L49S4WTK7H;
				INFOPLIST_FILE = 0213DemoUITests/Info.plist;
				LD_RUNPATH_SEARCH_PATHS = "$(inherited) @executable_path/Frameworks @loader_path/Frameworks";
				PRODUCT_BUNDLE_IDENTIFIER = "com.zjcs.www.-213DemoUITests";
				PRODUCT_NAME = "$(TARGET_NAME)";
				TEST_TARGET_NAME = 0213Demo;
			};
			name = Debug;
		};
		3EB06ECD1E519732004C8F65 /* Release */ = {
			isa = XCBuildConfiguration;
			buildSettings = {
				DEVELOPMENT_TEAM = L49S4WTK7H;
				INFOPLIST_FILE = 0213DemoUITests/Info.plist;
				LD_RUNPATH_SEARCH_PATHS = "$(inherited) @executable_path/Frameworks @loader_path/Frameworks";
				PRODUCT_BUNDLE_IDENTIFIER = "com.zjcs.www.-213DemoUITests";
				PRODUCT_NAME = "$(TARGET_NAME)";
				TEST_TARGET_NAME = 0213Demo;
			};
			name = Release;
		};
/* End XCBuildConfiguration section */

/* Begin XCConfigurationList section */
		3EB06E931E519732004C8F65 /* Build configuration list for PBXProject "0213Demo" */ = {
			isa = XCConfigurationList;
			buildConfigurations = (
				3EB06EC31E519732004C8F65 /* Debug */,
				3EB06EC41E519732004C8F65 /* Release */,
			);
			defaultConfigurationIsVisible = 0;
			defaultConfigurationName = Release;
		};
		3EB06EC51E519732004C8F65 /* Build configuration list for PBXNativeTarget "0213Demo" */ = {
			isa = XCConfigurationList;
			buildConfigurations = (
				3EB06EC61E519732004C8F65 /* Debug */,
				3EB06EC71E519732004C8F65 /* Release */,
			);
			defaultConfigurationIsVisible = 0;
			defaultConfigurationName = Release;
		};
		3EB06EC81E519732004C8F65 /* Build configuration list for PBXNativeTarget "0213DemoTests" */ = {
			isa = XCConfigurationList;
			buildConfigurations = (
				3EB06EC91E519732004C8F65 /* Debug */,
				3EB06ECA1E519732004C8F65 /* Release */,
			);
			defaultConfigurationIsVisible = 0;
			defaultConfigurationName = Release;
		};
		3EB06ECB1E519732004C8F65 /* Build configuration list for PBXNativeTarget "0213DemoUITests" */ = {
			isa = XCConfigurationList;
			buildConfigurations = (
				3EB06ECC1E519732004C8F65 /* Debug */,
				3EB06ECD1E519732004C8F65 /* Release */,
			);
			defaultConfigurationIsVisible = 0;
			defaultConfigurationName = Release;
		};
/* End XCConfigurationList section */
	};
	rootObject = 3EB06E901E519732004C8F65 /* Project object */;
}
